
Microsoft Visual Studio Solution File, Format Version 12.00
# Visual Studio Version 17
VisualStudioVersion = 17.9.34728.123
MinimumVisualStudioVersion = 10.0.40219.1
Project("{FAE04EC0-301F-11D3-BF4B-00C04F79EFBC}") = "inventario", "inventario\inventario.csproj", "{5795976C-2403-43E8-A748-27980020E490}"
EndProject
Global
	GlobalSection(SolutionConfigurationPlatforms) = preSolution
		Debug|Any CPU = Debug|Any CPU
		Release|Any CPU = Release|Any CPU
	EndGlobalSection
	GlobalSection(ProjectConfigurationPlatforms) = postSolution
		{5795976C-2403-43E8-A748-27980020E490}.Debug|Any CPU.ActiveCfg = Debug|Any CPU
		{5795976C-2403-43E8-A748-27980020E490}.Debug|Any CPU.Build.0 = Debug|Any CPU
		{5795976C-2403-43E8-A748-27980020E490}.Release|Any CPU.ActiveCfg = Release|Any CPU
		{5795976C-2403-43E8-A748-27980020E490}.Release|Any CPU.Build.0 = Release|Any CPU
	EndGlobalSection
	GlobalSection(SolutionProperties) = preSolution
		HideSolutionNode = FALSE
	EndGlobalSection
	GlobalSection(ExtensibilityGlobals) = postSolution
		SolutionGuid = {BD3CB40F-2FC8-4A61-8E27-06F38E3D443A}
	EndGlobalSection
EndGlobal
